
Microsoft Visual Studio Solution File, Format Version 12.00
# Visual Studio Version 16
VisualStudioVersion = 16.0.30225.117
MinimumVisualStudioVersion = 10.0.40219.1
Project("{FAE04EC0-301F-11D3-BF4B-00C04F79EFBC}") = "Server", "Kashkeshet\Server.csproj", "{122E78D9-6C87-435C-A91B-22A283064349}"
EndProject
Project("{FAE04EC0-301F-11D3-BF4B-00C04F79EFBC}") = "Client", "Client\Client.csproj", "{60B54569-8BEF-45D3-BE6A-EF24825417F5}"
EndProject
Project("{FAE04EC0-301F-11D3-BF4B-00C04F79EFBC}") = "Client2", "Client2\Client2.csproj", "{7E9595E4-62AE-4705-BEA0-DFE0AB4D35A9}"
EndProject
Global
	GlobalSection(SolutionConfigurationPlatforms) = preSolution
		Debug|Any CPU = Debug|Any CPU
		Release|Any CPU = Release|Any CPU
	EndGlobalSection
	GlobalSection(ProjectConfigurationPlatforms) = postSolution
		{122E78D9-6C87-435C-A91B-22A283064349}.Debug|Any CPU.ActiveCfg = Debug|Any CPU
		{122E78D9-6C87-435C-A91B-22A283064349}.Debug|Any CPU.Build.0 = Debug|Any CPU
		{122E78D9-6C87-435C-A91B-22A283064349}.Release|Any CPU.ActiveCfg = Release|Any CPU
		{122E78D9-6C87-435C-A91B-22A283064349}.Release|Any CPU.Build.0 = Release|Any CPU
		{60B54569-8BEF-45D3-BE6A-EF24825417F5}.Debug|Any CPU.ActiveCfg = Debug|Any CPU
		{60B54569-8BEF-45D3-BE6A-EF24825417F5}.Debug|Any CPU.Build.0 = Debug|Any CPU
		{60B54569-8BEF-45D3-BE6A-EF24825417F5}.Release|Any CPU.ActiveCfg = Release|Any CPU
		{60B54569-8BEF-45D3-BE6A-EF24825417F5}.Release|Any CPU.Build.0 = Release|Any CPU
		{7E9595E4-62AE-4705-BEA0-DFE0AB4D35A9}.Debug|Any CPU.ActiveCfg = Debug|Any CPU
		{7E9595E4-62AE-4705-BEA0-DFE0AB4D35A9}.Debug|Any CPU.Build.0 = Debug|Any CPU
		{7E9595E4-62AE-4705-BEA0-DFE0AB4D35A9}.Release|Any CPU.ActiveCfg = Release|Any CPU
		{7E9595E4-62AE-4705-BEA0-DFE0AB4D35A9}.Release|Any CPU.Build.0 = Release|Any CPU
	EndGlobalSection
	GlobalSection(SolutionProperties) = preSolution
		HideSolutionNode = FALSE
	EndGlobalSection
	GlobalSection(ExtensibilityGlobals) = postSolution
		SolutionGuid = {924E606C-DFBC-465E-B5C7-30A0B5F060A8}
	EndGlobalSection
EndGlobal
